// !$*UTF8*$!
{
	archiveVersion = 1;
	classes = {
	};
	objectVersion = 46;
	objects = {

/* Begin PBXBuildFile section */
		44C7B154EDC4B9AD8AA55B6B /* Foundation.framework in Frameworks */ = {isa = PBXBuildFile; fileRef = 02080C016C154FD0E8494A4F /* Foundation.framework */; };
		482113B1722EA9C4DF0E05CB /* AppDelegate.swift in Sources */ = {isa = PBXBuildFile; fileRef = 7AFE52C5B7F42D479942D018 /* AppDelegate.swift */; };
		4AE7CC6F2EB60A4DA46B0D2F /* ViewController.swift in Sources */ = {isa = PBXBuildFile; fileRef = 4EB866A177F03D5E0E70D5EF /* ViewController.swift */; };
		6A5B675AA8E6AB2821C63C78 /* Main.storyboard in Resources */ = {isa = PBXBuildFile; fileRef = 1C7938F332106B4F0CC1255A /* Main.storyboard */; };
		B8960EC9E0EFFBA55C104DA1 /* LaunchScreen.xib in Resources */ = {isa = PBXBuildFile; fileRef = 13EB53C8032410058CE51ECC /* LaunchScreen.xib */; };
		CA0D566939659977BFC77E94 /* SceneDelegate.swift in Sources */ = {isa = PBXBuildFile; fileRef = AED71AF9CA61A5F563E7DA4A /* SceneDelegate.swift */; };
		DC3F400F2FF7475F25DD4EE0 /* Images.xcassets in Resources */ = {isa = PBXBuildFile; fileRef = 54F94E686F6B72A8FB175A5E /* Images.xcassets */; };
/* End PBXBuildFile section */

/* Begin PBXFileReference section */
		02080C016C154FD0E8494A4F /* Foundation.framework */ = {isa = PBXFileReference; lastKnownFileType = wrapper.framework; name = Foundation.framework; path = Platforms/iPhoneOS.platform/Developer/SDKs/iPhoneOS26.0.sdk/System/Library/Frameworks/Foundation.framework; sourceTree = DEVELOPER_DIR; };
		13EB53C8032410058CE51ECC /* LaunchScreen.xib */ = {isa = PBXFileReference; includeInIndex = 1; lastKnownFileType = file.xib; name = LaunchScreen.xib; path = Base.lproj/LaunchScreen.xib; sourceTree = "<group>"; };
		1C7938F332106B4F0CC1255A /* Main.storyboard */ = {isa = PBXFileReference; includeInIndex = 1; lastKnownFileType = file.storyboard; name = Main.storyboard; path = Base.lproj/Main.storyboard; sourceTree = "<group>"; };
		25449B0D666EA0C60053B783 /* ViewMonitorExample.app */ = {isa = PBXFileReference; explicitFileType = wrapper.application; includeInIndex = 0; path = ViewMonitorExample.app; sourceTree = BUILT_PRODUCTS_DIR; };
		4EB866A177F03D5E0E70D5EF /* ViewController.swift */ = {isa = PBXFileReference; includeInIndex = 1; lastKnownFileType = sourcecode.swift; path = ViewController.swift; sourceTree = "<group>"; };
		54F94E686F6B72A8FB175A5E /* Images.xcassets */ = {isa = PBXFileReference; includeInIndex = 1; lastKnownFileType = folder.assetcatalog; path = Images.xcassets; sourceTree = "<group>"; };
		7AFE52C5B7F42D479942D018 /* AppDelegate.swift */ = {isa = PBXFileReference; includeInIndex = 1; lastKnownFileType = sourcecode.swift; path = AppDelegate.swift; sourceTree = "<group>"; };
		AED71AF9CA61A5F563E7DA4A /* SceneDelegate.swift */ = {isa = PBXFileReference; includeInIndex = 1; lastKnownFileType = sourcecode.swift; path = SceneDelegate.swift; sourceTree = "<group>"; };
/* End PBXFileReference section */

/* Begin PBXFrameworksBuildPhase section */
		710DA0434B19A35AD7045484 /* Frameworks */ = {
			isa = PBXFrameworksBuildPhase;
			buildActionMask = 2147483647;
			files = (
				44C7B154EDC4B9AD8AA55B6B /* Foundation.framework in Frameworks */,
			);
			runOnlyForDeploymentPostprocessing = 0;
		};
/* End PBXFrameworksBuildPhase section */

/* Begin PBXGroup section */
		27205FE15CFFBFA4B38CF733 = {
			isa = PBXGroup;
			children = (
				9362A567619EAC500D67DAE2 /* Products */,
				6E1E3AC46CB0A9A67BB3142D /* Frameworks */,
				35B6E28A53074FF57F7619E8 /* ViewMonitorExample */,
			);
			sourceTree = "<group>";
		};
		35B6E28A53074FF57F7619E8 /* ViewMonitorExample */ = {
			isa = PBXGroup;
			children = (
				7AFE52C5B7F42D479942D018 /* AppDelegate.swift */,
				AED71AF9CA61A5F563E7DA4A /* SceneDelegate.swift */,
				4EB866A177F03D5E0E70D5EF /* ViewController.swift */,
				1C7938F332106B4F0CC1255A /* Main.storyboard */,
				13EB53C8032410058CE51ECC /* LaunchScreen.xib */,
				54F94E686F6B72A8FB175A5E /* Images.xcassets */,
			);
			name = ViewMonitorExample;
			path = ViewMonitorExample;
			sourceTree = "<group>";
		};
		6E1E3AC46CB0A9A67BB3142D /* Frameworks */ = {
			isa = PBXGroup;
			children = (
				9B942C680ABC868C70579CAD /* iOS */,
			);
			name = Frameworks;
			sourceTree = "<group>";
		};
		9362A567619EAC500D67DAE2 /* Products */ = {
			isa = PBXGroup;
			children = (
				25449B0D666EA0C60053B783 /* ViewMonitorExample.app */,
			);
			name = Products;
			sourceTree = "<group>";
		};
		9B942C680ABC868C70579CAD /* iOS */ = {
			isa = PBXGroup;
			children = (
				02080C016C154FD0E8494A4F /* Foundation.framework */,
			);
			name = iOS;
			sourceTree = "<group>";
		};
/* End PBXGroup section */

/* Begin PBXNativeTarget section */
		D18462237F9769C7CDDAD060 /* ViewMonitorExample */ = {
			isa = PBXNativeTarget;
			buildConfigurationList = F2985EED47950D816A94BFB1 /* Build configuration list for PBXNativeTarget "ViewMonitorExample" */;
			buildPhases = (
				6DBB04156FD419D8D154170C /* Sources */,
				710DA0434B19A35AD7045484 /* Frameworks */,
				3D839BC57A7F3545D3F3291C /* Resources */,
			);
			buildRules = (
			);
			dependencies = (
			);
			name = ViewMonitorExample;
			packageProductDependencies = (
				83764CBE1BBE8CE1055262A8 /* ViewMonitor */,
			);
			productName = ViewMonitorExample;
			productReference = 25449B0D666EA0C60053B783 /* ViewMonitorExample.app */;
			productType = "com.apple.product-type.application";
		};
/* End PBXNativeTarget section */

/* Begin PBXProject section */
		8A962F63ABDBE45A52B4E178 /* Project object */ = {
			isa = PBXProject;
			attributes = {
				LastSwiftUpdateCheck = 1600;
				LastUpgradeCheck = 1600;
			};
			buildConfigurationList = 23A8BAD43A16EEE699F304E0 /* Build configuration list for PBXProject "ViewMonitorExample" */;
			compatibilityVersion = "Xcode 3.2";
			developmentRegion = en;
			hasScannedForEncodings = 0;
			knownRegions = (
				en,
				Base,
			);
			mainGroup = 27205FE15CFFBFA4B38CF733;
			minimizedProjectReferenceProxies = 0;
			packageReferences = (
				C08952FC6D44CEBA9DD7D66E /* XCLocalSwiftPackageReference ".." */,
			);
			preferredProjectObjectVersion = 100;
			productRefGroup = 9362A567619EAC500D67DAE2 /* Products */;
			projectDirPath = "";
			projectRoot = "";
			targets = (
				D18462237F9769C7CDDAD060 /* ViewMonitorExample */,
			);
		};
/* End PBXProject section */

/* Begin PBXResourcesBuildPhase section */
		3D839BC57A7F3545D3F3291C /* Resources */ = {
			isa = PBXResourcesBuildPhase;
			buildActionMask = 2147483647;
			files = (
				6A5B675AA8E6AB2821C63C78 /* Main.storyboard in Resources */,
				B8960EC9E0EFFBA55C104DA1 /* LaunchScreen.xib in Resources */,
				DC3F400F2FF7475F25DD4EE0 /* Images.xcassets in Resources */,
			);
			runOnlyForDeploymentPostprocessing = 0;
		};
/* End PBXResourcesBuildPhase section */

/* Begin PBXSourcesBuildPhase section */
		6DBB04156FD419D8D154170C /* Sources */ = {
			isa = PBXSourcesBuildPhase;
			buildActionMask = 2147483647;
			files = (
				482113B1722EA9C4DF0E05CB /* AppDelegate.swift in Sources */,
				CA0D566939659977BFC77E94 /* SceneDelegate.swift in Sources */,
				4AE7CC6F2EB60A4DA46B0D2F /* ViewController.swift in Sources */,
			);
			runOnlyForDeploymentPostprocessing = 0;
		};
/* End PBXSourcesBuildPhase section */

/* Begin XCBuildConfiguration section */
		613A05D0972B336AB004D3A5 /* Debug */ = {
			isa = XCBuildConfiguration;
			buildSettings = {
				ALWAYS_SEARCH_USER_PATHS = NO;
				CLANG_ANALYZER_NONNULL = YES;
				CLANG_ANALYZER_NUMBER_OBJECT_CONVERSION = YES_AGGRESSIVE;
				CLANG_CXX_LANGUAGE_STANDARD = "gnu++14";
				CLANG_CXX_LIBRARY = "libc++";
				CLANG_ENABLE_MODULES = YES;
				CLANG_ENABLE_OBJC_ARC = YES;
				CLANG_ENABLE_OBJC_WEAK = YES;
				CLANG_WARN_BLOCK_CAPTURE_AUTORELEASING = YES;
				CLANG_WARN_BOOL_CONVERSION = YES;
				CLANG_WARN_COMMA = YES;
				CLANG_WARN_CONSTANT_CONVERSION = YES;
				CLANG_WARN_DEPRECATED_OBJC_IMPLEMENTATIONS = YES;
				CLANG_WARN_DIRECT_OBJC_ISA_USAGE = YES_ERROR;
				CLANG_WARN_DOCUMENTATION_COMMENTS = YES;
				CLANG_WARN_EMPTY_BODY = YES;
				CLANG_WARN_ENUM_CONVERSION = YES;
				CLANG_WARN_INFINITE_RECURSION = YES;
				CLANG_WARN_INT_CONVERSION = YES;
				CLANG_WARN_NON_LITERAL_NULL_CONVERSION = YES;
				CLANG_WARN_OBJC_IMPLICIT_RETAIN_SELF = YES;
				CLANG_WARN_OBJC_LITERAL_CONVERSION = YES;
				CLANG_WARN_OBJC_ROOT_CLASS = YES_ERROR;
				CLANG_WARN_QUOTED_INCLUDE_IN_FRAMEWORK_HEADER = YES;
				CLANG_WARN_RANGE_LOOP_ANALYSIS = YES;
				CLANG_WARN_STRICT_PROTOTYPES = YES;
				CLANG_WARN_SUSPICIOUS_MOVE = YES;
				CLANG_WARN_UNGUARDED_AVAILABILITY = YES_AGGRESSIVE;
				CLANG_WARN_UNREACHABLE_CODE = YES;
				CLANG_WARN__DUPLICATE_METHOD_MATCH = YES;
				COPY_PHASE_STRIP = NO;
				DEBUG_INFORMATION_FORMAT = dwarf;
				ENABLE_STRICT_OBJC_MSGSEND = YES;
				ENABLE_TESTABILITY = YES;
				GCC_C_LANGUAGE_STANDARD = gnu11;
				GCC_DYNAMIC_NO_PIC = NO;
				GCC_NO_COMMON_BLOCKS = YES;
				GCC_OPTIMIZATION_LEVEL = 0;
				GCC_PREPROCESSOR_DEFINITIONS = (
					"DEBUG=1",
					"$(inherited)",
				);
				GCC_WARN_64_TO_32_BIT_CONVERSION = YES;
				GCC_WARN_ABOUT_RETURN_TYPE = YES_ERROR;
				GCC_WARN_UNDECLARED_SELECTOR = YES;
				GCC_WARN_UNINITIALIZED_AUTOS = YES_AGGRESSIVE;
				GCC_WARN_UNUSED_FUNCTION = YES;
				GCC_WARN_UNUSED_VARIABLE = YES;
				IPHONEOS_DEPLOYMENT_TARGET = 15.0;
				MTL_ENABLE_DEBUG_INFO = INCLUDE_SOURCE;
				MTL_FAST_MATH = YES;
				ONLY_ACTIVE_ARCH = YES;
				PRODUCT_NAME = "$(TARGET_NAME)";
				SWIFT_ACTIVE_COMPILATION_CONDITIONS = DEBUG;
				SWIFT_OPTIMIZATION_LEVEL = "-Onone";
				SWIFT_VERSION = 5.0;
			};
			name = Debug;
		};
		B6FA222346E3076AE10FFA8C /* Debug */ = {
			isa = XCBuildConfiguration;
			buildSettings = {
				ASSETCATALOG_COMPILER_APPICON_NAME = AppIcon;
				ASSETCATALOG_COMPILER_GLOBAL_ACCENT_COLOR_NAME = AccentColor;
				CLANG_ENABLE_OBJC_WEAK = NO;
				CODE_SIGNING_ALLOWED = NO;
				GENERATE_INFOPLIST_FILE = NO;
				INFOPLIST_FILE = ViewMonitorExample/Info.plist;
				IPHONEOS_DEPLOYMENT_TARGET = 15.0;
				LD_RUNPATH_SEARCH_PATHS = "$(inherited) @executable_path/Frameworks";
				PRODUCT_BUNDLE_IDENTIFIER = daisuke.ViewMonitorExample;
				SDKROOT = iphoneos;
				SWIFT_VERSION = 6.0;
				TARGETED_DEVICE_FAMILY = "1,2";
			};
			name = Debug;
		};
		BC20DEF301F99C3232252DCB /* Release */ = {
			isa = XCBuildConfiguration;
			buildSettings = {
				ASSETCATALOG_COMPILER_APPICON_NAME = AppIcon;
				ASSETCATALOG_COMPILER_GLOBAL_ACCENT_COLOR_NAME = AccentColor;
				CLANG_ENABLE_OBJC_WEAK = NO;
				CODE_SIGNING_ALLOWED = NO;
				GENERATE_INFOPLIST_FILE = NO;
				INFOPLIST_FILE = ViewMonitorExample/Info.plist;
				IPHONEOS_DEPLOYMENT_TARGET = 15.0;
				LD_RUNPATH_SEARCH_PATHS = "$(inherited) @executable_path/Frameworks";
				PRODUCT_BUNDLE_IDENTIFIER = daisuke.ViewMonitorExample;
				SDKROOT = iphoneos;
				SWIFT_VERSION = 6.0;
				TARGETED_DEVICE_FAMILY = "1,2";
				VALIDATE_PRODUCT = YES;
			};
			name = Release;
		};
		CFCEAFDF796C585988E78630 /* Release */ = {
			isa = XCBuildConfiguration;
			buildSettings = {
				ALWAYS_SEARCH_USER_PATHS = NO;
				CLANG_ANALYZER_NONNULL = YES;
				CLANG_ANALYZER_NUMBER_OBJECT_CONVERSION = YES_AGGRESSIVE;
				CLANG_CXX_LANGUAGE_STANDARD = "gnu++14";
				CLANG_CXX_LIBRARY = "libc++";
				CLANG_ENABLE_MODULES = YES;
				CLANG_ENABLE_OBJC_ARC = YES;
				CLANG_ENABLE_OBJC_WEAK = YES;
				CLANG_WARN_BLOCK_CAPTURE_AUTORELEASING = YES;
				CLANG_WARN_BOOL_CONVERSION = YES;
				CLANG_WARN_COMMA = YES;
				CLANG_WARN_CONSTANT_CONVERSION = YES;
				CLANG_WARN_DEPRECATED_OBJC_IMPLEMENTATIONS = YES;
				CLANG_WARN_DIRECT_OBJC_ISA_USAGE = YES_ERROR;
				CLANG_WARN_DOCUMENTATION_COMMENTS = YES;
				CLANG_WARN_EMPTY_BODY = YES;
				CLANG_WARN_ENUM_CONVERSION = YES;
				CLANG_WARN_INFINITE_RECURSION = YES;
				CLANG_WARN_INT_CONVERSION = YES;
				CLANG_WARN_NON_LITERAL_NULL_CONVERSION = YES;
				CLANG_WARN_OBJC_IMPLICIT_RETAIN_SELF = YES;
				CLANG_WARN_OBJC_LITERAL_CONVERSION = YES;
				CLANG_WARN_OBJC_ROOT_CLASS = YES_ERROR;
				CLANG_WARN_QUOTED_INCLUDE_IN_FRAMEWORK_HEADER = YES;
				CLANG_WARN_RANGE_LOOP_ANALYSIS = YES;
				CLANG_WARN_STRICT_PROTOTYPES = YES;
				CLANG_WARN_SUSPICIOUS_MOVE = YES;
				CLANG_WARN_UNGUARDED_AVAILABILITY = YES_AGGRESSIVE;
				CLANG_WARN_UNREACHABLE_CODE = YES;
				CLANG_WARN__DUPLICATE_METHOD_MATCH = YES;
				COPY_PHASE_STRIP = NO;
				DEBUG_INFORMATION_FORMAT = "dwarf-with-dsym";
				ENABLE_NS_ASSERTIONS = NO;
				ENABLE_STRICT_OBJC_MSGSEND = YES;
				GCC_C_LANGUAGE_STANDARD = gnu11;
				GCC_NO_COMMON_BLOCKS = YES;
				GCC_WARN_64_TO_32_BIT_CONVERSION = YES;
				GCC_WARN_ABOUT_RETURN_TYPE = YES_ERROR;
				GCC_WARN_UNDECLARED_SELECTOR = YES;
				GCC_WARN_UNINITIALIZED_AUTOS = YES_AGGRESSIVE;
				GCC_WARN_UNUSED_FUNCTION = YES;
				GCC_WARN_UNUSED_VARIABLE = YES;
				IPHONEOS_DEPLOYMENT_TARGET = 15.0;
				MTL_ENABLE_DEBUG_INFO = NO;
				MTL_FAST_MATH = YES;
				PRODUCT_NAME = "$(TARGET_NAME)";
				SWIFT_COMPILATION_MODE = wholemodule;
				SWIFT_OPTIMIZATION_LEVEL = "-O";
				SWIFT_VERSION = 5.0;
			};
			name = Release;
		};
/* End XCBuildConfiguration section */

/* Begin XCConfigurationList section */
		23A8BAD43A16EEE699F304E0 /* Build configuration list for PBXProject "ViewMonitorExample" */ = {
			isa = XCConfigurationList;
			buildConfigurations = (
				613A05D0972B336AB004D3A5 /* Debug */,
				CFCEAFDF796C585988E78630 /* Release */,
			);
			defaultConfigurationIsVisible = 0;
			defaultConfigurationName = Release;
		};
		F2985EED47950D816A94BFB1 /* Build configuration list for PBXNativeTarget "ViewMonitorExample" */ = {
			isa = XCConfigurationList;
			buildConfigurations = (
				BC20DEF301F99C3232252DCB /* Release */,
				B6FA222346E3076AE10FFA8C /* Debug */,
			);
			defaultConfigurationIsVisible = 0;
			defaultConfigurationName = Release;
		};
/* End XCConfigurationList section */

/* Begin XCLocalSwiftPackageReference section */
		C08952FC6D44CEBA9DD7D66E /* XCLocalSwiftPackageReference ".." */ = {
			isa = XCLocalSwiftPackageReference;
			relativePath = ../..;
		};
/* End XCLocalSwiftPackageReference section */

/* Begin XCSwiftPackageProductDependency section */
		83764CBE1BBE8CE1055262A8 /* ViewMonitor */ = {
			isa = XCSwiftPackageProductDependency;
			productName = ViewMonitor;
		};
/* End XCSwiftPackageProductDependency section */
	};
	rootObject = 8A962F63ABDBE45A52B4E178 /* Project object */;
}
