// !$*UTF8*$!
{
	archiveVersion = 1;
	classes = {
	};
	objectVersion = 46;
	objects = {

/* Begin PBXBuildFile section */
		19296B5B3F8099C79B044A59 /* AppDelegate.swift in Sources */ = {isa = PBXBuildFile; fileRef = 122D762A0620F5ADFCA627CF /* AppDelegate.swift */; };
		4E5AF725F0DB6FAE68781043 /* ViewController.swift in Sources */ = {isa = PBXBuildFile; fileRef = 92851FB049E927CD148B10C9 /* ViewController.swift */; };
		50A86A772F94CD5E7735145F /* SceneDelegate.swift in Sources */ = {isa = PBXBuildFile; fileRef = 70163DF708688093F0E594F1 /* SceneDelegate.swift */; };
		9CCD5BF4C5D894DF2F8EE354 /* Main.storyboard in Resources */ = {isa = PBXBuildFile; fileRef = 280BD7EE42786024C9F55A23 /* Main.storyboard */; };
		9CF3B1B0FFA17EB5C639FBE9 /* LaunchScreen.xib in Resources */ = {isa = PBXBuildFile; fileRef = 923070980D47350CA6EFA928 /* LaunchScreen.xib */; };
		E249DA9468B0DA197F4F9449 /* Images.xcassets in Resources */ = {isa = PBXBuildFile; fileRef = 68EEF5077242107C1658ACF5 /* Images.xcassets */; };
/* End PBXBuildFile section */

/* Begin PBXFileReference section */
		122D762A0620F5ADFCA627CF /* AppDelegate.swift */ = {isa = PBXFileReference; includeInIndex = 1; lastKnownFileType = sourcecode.swift; path = AppDelegate.swift; sourceTree = "<group>"; };
		280BD7EE42786024C9F55A23 /* Main.storyboard */ = {isa = PBXFileReference; includeInIndex = 1; lastKnownFileType = file.storyboard; name = Main.storyboard; path = Base.lproj/Main.storyboard; sourceTree = "<group>"; };
		6406DBF04D6774C23435CD4F /* ViewMonitorExample.app */ = {isa = PBXFileReference; explicitFileType = wrapper.application; includeInIndex = 0; path = ViewMonitorExample.app; sourceTree = BUILT_PRODUCTS_DIR; };
		68EEF5077242107C1658ACF5 /* Images.xcassets */ = {isa = PBXFileReference; includeInIndex = 1; lastKnownFileType = folder.assetcatalog; path = Images.xcassets; sourceTree = "<group>"; };
		70163DF708688093F0E594F1 /* SceneDelegate.swift */ = {isa = PBXFileReference; includeInIndex = 1; lastKnownFileType = sourcecode.swift; path = SceneDelegate.swift; sourceTree = "<group>"; };
		923070980D47350CA6EFA928 /* LaunchScreen.xib */ = {isa = PBXFileReference; includeInIndex = 1; lastKnownFileType = file.xib; name = LaunchScreen.xib; path = Base.lproj/LaunchScreen.xib; sourceTree = "<group>"; };
		92851FB049E927CD148B10C9 /* ViewController.swift */ = {isa = PBXFileReference; includeInIndex = 1; lastKnownFileType = sourcecode.swift; path = ViewController.swift; sourceTree = "<group>"; };
		C1F06B4A8C38CD6178270ABE /* Signing.xcconfig */ = {isa = PBXFileReference; includeInIndex = 1; lastKnownFileType = text.xcconfig; path = Signing.xcconfig; sourceTree = "<group>"; };
/* End PBXFileReference section */

/* Begin PBXFrameworksBuildPhase section */
		4622B8B0ADB7932F213C4C65 /* Frameworks */ = {
			isa = PBXFrameworksBuildPhase;
			buildActionMask = 2147483647;
			files = (
			);
			runOnlyForDeploymentPostprocessing = 0;
		};
/* End PBXFrameworksBuildPhase section */

/* Begin PBXGroup section */
		152E75EAE84C501F32F851C4 /* Frameworks */ = {
			isa = PBXGroup;
			children = (
			);
			name = Frameworks;
			sourceTree = "<group>";
		};
		73181E7BD17AB7A54F115E1C /* ViewMonitorExample */ = {
			isa = PBXGroup;
			children = (
				122D762A0620F5ADFCA627CF /* AppDelegate.swift */,
				70163DF708688093F0E594F1 /* SceneDelegate.swift */,
				92851FB049E927CD148B10C9 /* ViewController.swift */,
				280BD7EE42786024C9F55A23 /* Main.storyboard */,
				923070980D47350CA6EFA928 /* LaunchScreen.xib */,
				68EEF5077242107C1658ACF5 /* Images.xcassets */,
			);
			name = ViewMonitorExample;
			path = ViewMonitorExample;
			sourceTree = "<group>";
		};
		7AAB288DAE5026573C3CF872 = {
			isa = PBXGroup;
			children = (
				C765CA5CAE9603C4767E8101 /* Products */,
				152E75EAE84C501F32F851C4 /* Frameworks */,
				73181E7BD17AB7A54F115E1C /* ViewMonitorExample */,
				C1F06B4A8C38CD6178270ABE /* Signing.xcconfig */,
			);
			sourceTree = "<group>";
		};
		C765CA5CAE9603C4767E8101 /* Products */ = {
			isa = PBXGroup;
			children = (
				6406DBF04D6774C23435CD4F /* ViewMonitorExample.app */,
			);
			name = Products;
			sourceTree = "<group>";
		};
/* End PBXGroup section */

/* Begin PBXNativeTarget section */
		59B23151407E1BFFD154790A /* ViewMonitorExample */ = {
			isa = PBXNativeTarget;
			buildConfigurationList = 69753F51D5308827A81FC6BD /* Build configuration list for PBXNativeTarget "ViewMonitorExample" */;
			buildPhases = (
				556E40562D92DCC656E08FB9 /* Sources */,
				4622B8B0ADB7932F213C4C65 /* Frameworks */,
				436416AA6DCBFC8052B391D3 /* Resources */,
			);
			buildRules = (
			);
			dependencies = (
			);
			name = ViewMonitorExample;
			packageProductDependencies = (
				51EA3B05E8A76D53857B0E82 /* ViewMonitor */,
			);
			productName = ViewMonitorExample;
			productReference = 6406DBF04D6774C23435CD4F /* ViewMonitorExample.app */;
			productType = "com.apple.product-type.application";
		};
/* End PBXNativeTarget section */

/* Begin PBXProject section */
		BDCC1EC46D073AF0812FD0BF /* Project object */ = {
			isa = PBXProject;
			attributes = {
				LastSwiftUpdateCheck = 1600;
				LastUpgradeCheck = 1600;
			};
			buildConfigurationList = C30E33890EC84F6088852E0A /* Build configuration list for PBXProject "ViewMonitorExample" */;
			compatibilityVersion = "Xcode 3.2";
			developmentRegion = en;
			hasScannedForEncodings = 0;
			knownRegions = (
				en,
				Base,
			);
			mainGroup = 7AAB288DAE5026573C3CF872;
			minimizedProjectReferenceProxies = 0;
			packageReferences = (
				7361106BBFBE5338C8C3CFC0 /* XCLocalSwiftPackageReference ".." */,
			);
			preferredProjectObjectVersion = 100;
			productRefGroup = C765CA5CAE9603C4767E8101 /* Products */;
			projectDirPath = "";
			projectRoot = "";
			targets = (
				59B23151407E1BFFD154790A /* ViewMonitorExample */,
			);
		};
/* End PBXProject section */

/* Begin PBXResourcesBuildPhase section */
		436416AA6DCBFC8052B391D3 /* Resources */ = {
			isa = PBXResourcesBuildPhase;
			buildActionMask = 2147483647;
			files = (
				9CCD5BF4C5D894DF2F8EE354 /* Main.storyboard in Resources */,
				9CF3B1B0FFA17EB5C639FBE9 /* LaunchScreen.xib in Resources */,
				E249DA9468B0DA197F4F9449 /* Images.xcassets in Resources */,
			);
			runOnlyForDeploymentPostprocessing = 0;
		};
/* End PBXResourcesBuildPhase section */

/* Begin PBXSourcesBuildPhase section */
		556E40562D92DCC656E08FB9 /* Sources */ = {
			isa = PBXSourcesBuildPhase;
			buildActionMask = 2147483647;
			files = (
				19296B5B3F8099C79B044A59 /* AppDelegate.swift in Sources */,
				50A86A772F94CD5E7735145F /* SceneDelegate.swift in Sources */,
				4E5AF725F0DB6FAE68781043 /* ViewController.swift in Sources */,
			);
			runOnlyForDeploymentPostprocessing = 0;
		};
/* End PBXSourcesBuildPhase section */

/* Begin XCBuildConfiguration section */
		01E28483649283B5637F2DB3 /* Debug */ = {
			isa = XCBuildConfiguration;
			buildSettings = {
				ALWAYS_SEARCH_USER_PATHS = NO;
				CLANG_ANALYZER_NONNULL = YES;
				CLANG_ANALYZER_NUMBER_OBJECT_CONVERSION = YES_AGGRESSIVE;
				CLANG_CXX_LANGUAGE_STANDARD = "gnu++14";
				CLANG_CXX_LIBRARY = "libc++";
				CLANG_ENABLE_MODULES = YES;
				CLANG_ENABLE_OBJC_ARC = YES;
				CLANG_ENABLE_OBJC_WEAK = YES;
				CLANG_WARN_BLOCK_CAPTURE_AUTORELEASING = YES;
				CLANG_WARN_BOOL_CONVERSION = YES;
				CLANG_WARN_COMMA = YES;
				CLANG_WARN_CONSTANT_CONVERSION = YES;
				CLANG_WARN_DEPRECATED_OBJC_IMPLEMENTATIONS = YES;
				CLANG_WARN_DIRECT_OBJC_ISA_USAGE = YES_ERROR;
				CLANG_WARN_DOCUMENTATION_COMMENTS = YES;
				CLANG_WARN_EMPTY_BODY = YES;
				CLANG_WARN_ENUM_CONVERSION = YES;
				CLANG_WARN_INFINITE_RECURSION = YES;
				CLANG_WARN_INT_CONVERSION = YES;
				CLANG_WARN_NON_LITERAL_NULL_CONVERSION = YES;
				CLANG_WARN_OBJC_IMPLICIT_RETAIN_SELF = YES;
				CLANG_WARN_OBJC_LITERAL_CONVERSION = YES;
				CLANG_WARN_OBJC_ROOT_CLASS = YES_ERROR;
				CLANG_WARN_QUOTED_INCLUDE_IN_FRAMEWORK_HEADER = YES;
				CLANG_WARN_RANGE_LOOP_ANALYSIS = YES;
				CLANG_WARN_STRICT_PROTOTYPES = YES;
				CLANG_WARN_SUSPICIOUS_MOVE = YES;
				CLANG_WARN_UNGUARDED_AVAILABILITY = YES_AGGRESSIVE;
				CLANG_WARN_UNREACHABLE_CODE = YES;
				CLANG_WARN__DUPLICATE_METHOD_MATCH = YES;
				COPY_PHASE_STRIP = NO;
				DEBUG_INFORMATION_FORMAT = dwarf;
				ENABLE_STRICT_OBJC_MSGSEND = YES;
				ENABLE_TESTABILITY = YES;
				GCC_C_LANGUAGE_STANDARD = gnu11;
				GCC_DYNAMIC_NO_PIC = NO;
				GCC_NO_COMMON_BLOCKS = YES;
				GCC_OPTIMIZATION_LEVEL = 0;
				GCC_PREPROCESSOR_DEFINITIONS = (
					"DEBUG=1",
					"$(inherited)",
				);
				GCC_WARN_64_TO_32_BIT_CONVERSION = YES;
				GCC_WARN_ABOUT_RETURN_TYPE = YES_ERROR;
				GCC_WARN_UNDECLARED_SELECTOR = YES;
				GCC_WARN_UNINITIALIZED_AUTOS = YES_AGGRESSIVE;
				GCC_WARN_UNUSED_FUNCTION = YES;
				GCC_WARN_UNUSED_VARIABLE = YES;
				IPHONEOS_DEPLOYMENT_TARGET = 15.0;
				MTL_ENABLE_DEBUG_INFO = INCLUDE_SOURCE;
				MTL_FAST_MATH = YES;
				ONLY_ACTIVE_ARCH = YES;
				PRODUCT_NAME = "$(TARGET_NAME)";
				SWIFT_ACTIVE_COMPILATION_CONDITIONS = DEBUG;
				SWIFT_OPTIMIZATION_LEVEL = "-Onone";
				SWIFT_VERSION = 6.0;
			};
			name = Debug;
		};
		07FB940FC8A772D11313F0C9 /* Debug */ = {
			isa = XCBuildConfiguration;
			baseConfigurationReference = C1F06B4A8C38CD6178270ABE /* Signing.xcconfig */;
			buildSettings = {
				ASSETCATALOG_COMPILER_APPICON_NAME = AppIcon;
				CLANG_ENABLE_OBJC_WEAK = NO;
				"CODE_SIGNING_ALLOWED[sdk=iphonesimulator*]" = NO;
				CODE_SIGN_STYLE = Automatic;
				GENERATE_INFOPLIST_FILE = NO;
				INFOPLIST_FILE = ViewMonitorExample/Info.plist;
				IPHONEOS_DEPLOYMENT_TARGET = 15.0;
				LD_RUNPATH_SEARCH_PATHS = "$(inherited) @executable_path/Frameworks";
				PRODUCT_BUNDLE_IDENTIFIER = daisuke.ViewMonitorExample;
				SDKROOT = iphoneos;
				SWIFT_VERSION = 6.0;
				TARGETED_DEVICE_FAMILY = "1,2";
			};
			name = Debug;
		};
		5780D0D64EC29A2CA228075F /* Release */ = {
			isa = XCBuildConfiguration;
			baseConfigurationReference = C1F06B4A8C38CD6178270ABE /* Signing.xcconfig */;
			buildSettings = {
				ASSETCATALOG_COMPILER_APPICON_NAME = AppIcon;
				CLANG_ENABLE_OBJC_WEAK = NO;
				"CODE_SIGNING_ALLOWED[sdk=iphonesimulator*]" = NO;
				CODE_SIGN_STYLE = Automatic;
				GENERATE_INFOPLIST_FILE = NO;
				INFOPLIST_FILE = ViewMonitorExample/Info.plist;
				IPHONEOS_DEPLOYMENT_TARGET = 15.0;
				LD_RUNPATH_SEARCH_PATHS = "$(inherited) @executable_path/Frameworks";
				PRODUCT_BUNDLE_IDENTIFIER = daisuke.ViewMonitorExample;
				SDKROOT = iphoneos;
				SWIFT_VERSION = 6.0;
				TARGETED_DEVICE_FAMILY = "1,2";
				VALIDATE_PRODUCT = YES;
			};
			name = Release;
		};
		5C63553D7589DE9CFA43B0BF /* Release */ = {
			isa = XCBuildConfiguration;
			buildSettings = {
				ALWAYS_SEARCH_USER_PATHS = NO;
				CLANG_ANALYZER_NONNULL = YES;
				CLANG_ANALYZER_NUMBER_OBJECT_CONVERSION = YES_AGGRESSIVE;
				CLANG_CXX_LANGUAGE_STANDARD = "gnu++14";
				CLANG_CXX_LIBRARY = "libc++";
				CLANG_ENABLE_MODULES = YES;
				CLANG_ENABLE_OBJC_ARC = YES;
				CLANG_ENABLE_OBJC_WEAK = YES;
				CLANG_WARN_BLOCK_CAPTURE_AUTORELEASING = YES;
				CLANG_WARN_BOOL_CONVERSION = YES;
				CLANG_WARN_COMMA = YES;
				CLANG_WARN_CONSTANT_CONVERSION = YES;
				CLANG_WARN_DEPRECATED_OBJC_IMPLEMENTATIONS = YES;
				CLANG_WARN_DIRECT_OBJC_ISA_USAGE = YES_ERROR;
				CLANG_WARN_DOCUMENTATION_COMMENTS = YES;
				CLANG_WARN_EMPTY_BODY = YES;
				CLANG_WARN_ENUM_CONVERSION = YES;
				CLANG_WARN_INFINITE_RECURSION = YES;
				CLANG_WARN_INT_CONVERSION = YES;
				CLANG_WARN_NON_LITERAL_NULL_CONVERSION = YES;
				CLANG_WARN_OBJC_IMPLICIT_RETAIN_SELF = YES;
				CLANG_WARN_OBJC_LITERAL_CONVERSION = YES;
				CLANG_WARN_OBJC_ROOT_CLASS = YES_ERROR;
				CLANG_WARN_QUOTED_INCLUDE_IN_FRAMEWORK_HEADER = YES;
				CLANG_WARN_RANGE_LOOP_ANALYSIS = YES;
				CLANG_WARN_STRICT_PROTOTYPES = YES;
				CLANG_WARN_SUSPICIOUS_MOVE = YES;
				CLANG_WARN_UNGUARDED_AVAILABILITY = YES_AGGRESSIVE;
				CLANG_WARN_UNREACHABLE_CODE = YES;
				CLANG_WARN__DUPLICATE_METHOD_MATCH = YES;
				COPY_PHASE_STRIP = NO;
				DEBUG_INFORMATION_FORMAT = "dwarf-with-dsym";
				ENABLE_NS_ASSERTIONS = NO;
				ENABLE_STRICT_OBJC_MSGSEND = YES;
				GCC_C_LANGUAGE_STANDARD = gnu11;
				GCC_NO_COMMON_BLOCKS = YES;
				GCC_WARN_64_TO_32_BIT_CONVERSION = YES;
				GCC_WARN_ABOUT_RETURN_TYPE = YES_ERROR;
				GCC_WARN_UNDECLARED_SELECTOR = YES;
				GCC_WARN_UNINITIALIZED_AUTOS = YES_AGGRESSIVE;
				GCC_WARN_UNUSED_FUNCTION = YES;
				GCC_WARN_UNUSED_VARIABLE = YES;
				IPHONEOS_DEPLOYMENT_TARGET = 15.0;
				MTL_ENABLE_DEBUG_INFO = NO;
				MTL_FAST_MATH = YES;
				PRODUCT_NAME = "$(TARGET_NAME)";
				SWIFT_COMPILATION_MODE = wholemodule;
				SWIFT_OPTIMIZATION_LEVEL = "-O";
				SWIFT_VERSION = 6.0;
			};
			name = Release;
		};
/* End XCBuildConfiguration section */

/* Begin XCConfigurationList section */
		69753F51D5308827A81FC6BD /* Build configuration list for PBXNativeTarget "ViewMonitorExample" */ = {
			isa = XCConfigurationList;
			buildConfigurations = (
				5780D0D64EC29A2CA228075F /* Release */,
				07FB940FC8A772D11313F0C9 /* Debug */,
			);
			defaultConfigurationIsVisible = 0;
			defaultConfigurationName = Release;
		};
		C30E33890EC84F6088852E0A /* Build configuration list for PBXProject "ViewMonitorExample" */ = {
			isa = XCConfigurationList;
			buildConfigurations = (
				01E28483649283B5637F2DB3 /* Debug */,
				5C63553D7589DE9CFA43B0BF /* Release */,
			);
			defaultConfigurationIsVisible = 0;
			defaultConfigurationName = Release;
		};
/* End XCConfigurationList section */

/* Begin XCLocalSwiftPackageReference section */
		7361106BBFBE5338C8C3CFC0 /* XCLocalSwiftPackageReference ".." */ = {
			isa = XCLocalSwiftPackageReference;
			relativePath = ../..;
		};
/* End XCLocalSwiftPackageReference section */

/* Begin XCSwiftPackageProductDependency section */
		51EA3B05E8A76D53857B0E82 /* ViewMonitor */ = {
			isa = XCSwiftPackageProductDependency;
			productName = ViewMonitor;
		};
/* End XCSwiftPackageProductDependency section */
	};
	rootObject = BDCC1EC46D073AF0812FD0BF /* Project object */;
}
